
Microsoft Visual Studio Solution File, Format Version 12.00
# Visual Studio Version 17
VisualStudioVersion = 17.9.34728.123
MinimumVisualStudioVersion = 10.0.40219.1
Project("{FAE04EC0-301F-11D3-BF4B-00C04F79EFBC}") = "App1.Android", "App1\App1.Android\App1.Android.csproj", "{0049294A-9BB6-40E6-88B8-3463A08DE9FA}"
EndProject
Project("{FAE04EC0-301F-11D3-BF4B-00C04F79EFBC}") = "App1.iOS", "App1\App1.iOS\App1.iOS.csproj", "{8023B1D0-9082-434C-B953-31950DA00BC9}"
EndProject
Project("{FAE04EC0-301F-11D3-BF4B-00C04F79EFBC}") = "App1", "App1\App1\App1.csproj", "{ECD454FA-F373-4F5D-AFED-D7B5CFBBF807}"
EndProject
Project("{2150E333-8FDC-42A3-9474-1A3956D46DE8}") = "Image", "Image", "{CD2E8880-D8B4-420E-8050-C1EF47927DD9}"
	ProjectSection(SolutionItems) = preProject
		..\..\..\Downloads\icon.png = ..\..\..\Downloads\icon.png
	EndProjectSection
EndProject
Global
	GlobalSection(SolutionConfigurationPlatforms) = preSolution
		Debug|Any CPU = Debug|Any CPU
		Debug|iPhone = Debug|iPhone
		Debug|iPhoneSimulator = Debug|iPhoneSimulator
		Release|Any CPU = Release|Any CPU
		Release|iPhone = Release|iPhone
		Release|iPhoneSimulator = Release|iPhoneSimulator
	EndGlobalSection
	GlobalSection(ProjectConfigurationPlatforms) = postSolution
		{0049294A-9BB6-40E6-88B8-3463A08DE9FA}.Debug|Any CPU.ActiveCfg = Debug|Any CPU
		{0049294A-9BB6-40E6-88B8-3463A08DE9FA}.Debug|Any CPU.Build.0 = Debug|Any CPU
		{0049294A-9BB6-40E6-88B8-3463A08DE9FA}.Debug|Any CPU.Deploy.0 = Debug|Any CPU
		{0049294A-9BB6-40E6-88B8-3463A08DE9FA}.Debug|iPhone.ActiveCfg = Debug|Any CPU
		{0049294A-9BB6-40E6-88B8-3463A08DE9FA}.Debug|iPhone.Build.0 = Debug|Any CPU
		{0049294A-9BB6-40E6-88B8-3463A08DE9FA}.Debug|iPhone.Deploy.0 = Debug|Any CPU
		{0049294A-9BB6-40E6-88B8-3463A08DE9FA}.Debug|iPhoneSimulator.ActiveCfg = Debug|Any CPU
		{0049294A-9BB6-40E6-88B8-3463A08DE9FA}.Debug|iPhoneSimulator.Build.0 = Debug|Any CPU
		{0049294A-9BB6-40E6-88B8-3463A08DE9FA}.Debug|iPhoneSimulator.Deploy.0 = Debug|Any CPU
		{0049294A-9BB6-40E6-88B8-3463A08DE9FA}.Release|Any CPU.ActiveCfg = Release|Any CPU
		{0049294A-9BB6-40E6-88B8-3463A08DE9FA}.Release|Any CPU.Build.0 = Release|Any CPU
		{0049294A-9BB6-40E6-88B8-3463A08DE9FA}.Release|Any CPU.Deploy.0 = Release|Any CPU
		{0049294A-9BB6-40E6-88B8-3463A08DE9FA}.Release|iPhone.ActiveCfg = Release|Any CPU
		{0049294A-9BB6-40E6-88B8-3463A08DE9FA}.Release|iPhone.Build.0 = Release|Any CPU
		{0049294A-9BB6-40E6-88B8-3463A08DE9FA}.Release|iPhone.Deploy.0 = Release|Any CPU
		{0049294A-9BB6-40E6-88B8-3463A08DE9FA}.Release|iPhoneSimulator.ActiveCfg = Release|Any CPU
		{0049294A-9BB6-40E6-88B8-3463A08DE9FA}.Release|iPhoneSimulator.Build.0 = Release|Any CPU
		{0049294A-9BB6-40E6-88B8-3463A08DE9FA}.Release|iPhoneSimulator.Deploy.0 = Release|Any CPU
		{8023B1D0-9082-434C-B953-31950DA00BC9}.Debug|Any CPU.ActiveCfg = Debug|iPhone
		{8023B1D0-9082-434C-B953-31950DA00BC9}.Debug|Any CPU.Build.0 = Debug|iPhone
		{8023B1D0-9082-434C-B953-31950DA00BC9}.Debug|Any CPU.Deploy.0 = Debug|iPhone
		{8023B1D0-9082-434C-B953-31950DA00BC9}.Debug|iPhone.ActiveCfg = Debug|iPhone
		{8023B1D0-9082-434C-B953-31950DA00BC9}.Debug|iPhone.Build.0 = Debug|iPhone
		{8023B1D0-9082-434C-B953-31950DA00BC9}.Debug|iPhone.Deploy.0 = Debug|iPhone
		{8023B1D0-9082-434C-B953-31950DA00BC9}.Debug|iPhoneSimulator.ActiveCfg = Debug|iPhoneSimulator
		{8023B1D0-9082-434C-B953-31950DA00BC9}.Debug|iPhoneSimulator.Build.0 = Debug|iPhoneSimulator
		{8023B1D0-9082-434C-B953-31950DA00BC9}.Debug|iPhoneSimulator.Deploy.0 = Debug|iPhoneSimulator
		{8023B1D0-9082-434C-B953-31950DA00BC9}.Release|Any CPU.ActiveCfg = Release|iPhoneSimulator
		{8023B1D0-9082-434C-B953-31950DA00BC9}.Release|Any CPU.Build.0 = Release|iPhoneSimulator
		{8023B1D0-9082-434C-B953-31950DA00BC9}.Release|Any CPU.Deploy.0 = Release|iPhoneSimulator
		{8023B1D0-9082-434C-B953-31950DA00BC9}.Release|iPhone.ActiveCfg = Release|iPhone
		{8023B1D0-9082-434C-B953-31950DA00BC9}.Release|iPhone.Build.0 = Release|iPhone
		{8023B1D0-9082-434C-B953-31950DA00BC9}.Release|iPhone.Deploy.0 = Release|iPhone
		{8023B1D0-9082-434C-B953-31950DA00BC9}.Release|iPhoneSimulator.ActiveCfg = Release|iPhoneSimulator
		{8023B1D0-9082-434C-B953-31950DA00BC9}.Release|iPhoneSimulator.Build.0 = Release|iPhoneSimulator
		{8023B1D0-9082-434C-B953-31950DA00BC9}.Release|iPhoneSimulator.Deploy.0 = Release|iPhoneSimulator
		{ECD454FA-F373-4F5D-AFED-D7B5CFBBF807}.Debug|Any CPU.ActiveCfg = Debug|Any CPU
		{ECD454FA-F373-4F5D-AFED-D7B5CFBBF807}.Debug|Any CPU.Build.0 = Debug|Any CPU
		{ECD454FA-F373-4F5D-AFED-D7B5CFBBF807}.Debug|Any CPU.Deploy.0 = Debug|Any CPU
		{ECD454FA-F373-4F5D-AFED-D7B5CFBBF807}.Debug|iPhone.ActiveCfg = Debug|Any CPU
		{ECD454FA-F373-4F5D-AFED-D7B5CFBBF807}.Debug|iPhone.Build.0 = Debug|Any CPU
		{ECD454FA-F373-4F5D-AFED-D7B5CFBBF807}.Debug|iPhone.Deploy.0 = Debug|Any CPU
		{ECD454FA-F373-4F5D-AFED-D7B5CFBBF807}.Debug|iPhoneSimulator.ActiveCfg = Debug|Any CPU
		{ECD454FA-F373-4F5D-AFED-D7B5CFBBF807}.Debug|iPhoneSimulator.Build.0 = Debug|Any CPU
		{ECD454FA-F373-4F5D-AFED-D7B5CFBBF807}.Debug|iPhoneSimulator.Deploy.0 = Debug|Any CPU
		{ECD454FA-F373-4F5D-AFED-D7B5CFBBF807}.Release|Any CPU.ActiveCfg = Release|Any CPU
		{ECD454FA-F373-4F5D-AFED-D7B5CFBBF807}.Release|Any CPU.Build.0 = Release|Any CPU
		{ECD454FA-F373-4F5D-AFED-D7B5CFBBF807}.Release|Any CPU.Deploy.0 = Release|Any CPU
		{ECD454FA-F373-4F5D-AFED-D7B5CFBBF807}.Release|iPhone.ActiveCfg = Release|Any CPU
		{ECD454FA-F373-4F5D-AFED-D7B5CFBBF807}.Release|iPhone.Build.0 = Release|Any CPU
		{ECD454FA-F373-4F5D-AFED-D7B5CFBBF807}.Release|iPhone.Deploy.0 = Release|Any CPU
		{ECD454FA-F373-4F5D-AFED-D7B5CFBBF807}.Release|iPhoneSimulator.ActiveCfg = Release|Any CPU
		{ECD454FA-F373-4F5D-AFED-D7B5CFBBF807}.Release|iPhoneSimulator.Build.0 = Release|Any CPU
		{ECD454FA-F373-4F5D-AFED-D7B5CFBBF807}.Release|iPhoneSimulator.Deploy.0 = Release|Any CPU
	EndGlobalSection
	GlobalSection(SolutionProperties) = preSolution
		HideSolutionNode = FALSE
	EndGlobalSection
	GlobalSection(ExtensibilityGlobals) = postSolution
		SolutionGuid = {F0CCB157-9073-488A-B9B1-E75148B780FE}
	EndGlobalSection
EndGlobal
